Microsoft Visual Studio Solution File, Format Version 12.00
# Visual Studio 15
VisualStudioVersion = 15.0.26430.16
MinimumVisualStudioVersion = 10.0.40219.1
Project("{8BC9CEB8-8B4A-11D0-8D11-00A0C91BC942}") = "SEAL", "src\SEAL.vcxproj", "{7EA96C25-FC0D-485A-BB71-32B6DA55652A}"
EndProject
Project("{8BC9CEB8-8B4A-11D0-8D11-00A0C91BC942}") = "SEALTest", "tests\SEALTest.vcxproj", "{0345DC4D-EFE3-460E-AB7E-AA6E05BB8DFF}"
	ProjectSection(ProjectDependencies) = postProject
		{7EA96C25-FC0D-485A-BB71-32B6DA55652A} = {7EA96C25-FC0D-485A-BB71-32B6DA55652A}
	EndProjectSection
EndProject
Project("{8BC9CEB8-8B4A-11D0-8D11-00A0C91BC942}") = "SEALExamples", "examples\SEALExamples.vcxproj", "{2B57D847-26DC-45FF-B9AF-EE33910B5093}"
	ProjectSection(ProjectDependencies) = postProject
		{7EA96C25-FC0D-485A-BB71-32B6DA55652A} = {7EA96C25-FC0D-485A-BB71-32B6DA55652A}
	EndProjectSection
EndProject
Project("{8BC9CEB8-8B4A-11D0-8D11-00A0C91BC942}") = "SEALdll", "net\dll\SEALdll.vcxproj", "{70BBB2AA-FA77-40C1-890F-7AA7DBB3AD3D}"
	ProjectSection(ProjectDependencies) = postProject
		{7EA96C25-FC0D-485A-BB71-32B6DA55652A} = {7EA96C25-FC0D-485A-BB71-32B6DA55652A}
	EndProjectSection
EndProject
Project("{9A19103F-16F7-4668-BE54-9A1E7A4F7556}") = "SEALNet", "net\net\SEALNet.csproj", "{D7ED94EC-3FAB-4B87-AB5F-0308EA92520E}"
	ProjectSection(ProjectDependencies) = postProject
		{70BBB2AA-FA77-40C1-890F-7AA7DBB3AD3D} = {70BBB2AA-FA77-40C1-890F-7AA7DBB3AD3D}
	EndProjectSection
EndProject
Project("{9A19103F-16F7-4668-BE54-9A1E7A4F7556}") = "SEALNetTest", "net\tests\SEALNetTest.csproj", "{D0FCCA29-F0F8-49A3-9615-24FF899F1909}"
	ProjectSection(ProjectDependencies) = postProject
		{D7ED94EC-3FAB-4B87-AB5F-0308EA92520E} = {D7ED94EC-3FAB-4B87-AB5F-0308EA92520E}
	EndProjectSection
EndProject
Project("{9A19103F-16F7-4668-BE54-9A1E7A4F7556}") = "SEALNetExamples", "net\examples\SEALNetExamples.csproj", "{18DA9F90-3131-461A-A3E8-40AC0B1D7632}"
EndProject
Global
	GlobalSection(SolutionConfigurationPlatforms) = preSolution
		Debug|Any CPU = Debug|Any CPU
		Debug|x64 = Debug|x64
		Release|Any CPU = Release|Any CPU
		Release|x64 = Release|x64
	EndGlobalSection
	GlobalSection(ProjectConfigurationPlatforms) = postSolution
		{7EA96C25-FC0D-485A-BB71-32B6DA55652A}.Debug|Any CPU.ActiveCfg = Debug|x64
		{7EA96C25-FC0D-485A-BB71-32B6DA55652A}.Debug|x64.ActiveCfg = Debug|x64
		{7EA96C25-FC0D-485A-BB71-32B6DA55652A}.Debug|x64.Build.0 = Debug|x64
		{7EA96C25-FC0D-485A-BB71-32B6DA55652A}.Release|Any CPU.ActiveCfg = Release|x64
		{7EA96C25-FC0D-485A-BB71-32B6DA55652A}.Release|x64.ActiveCfg = Release|x64
		{7EA96C25-FC0D-485A-BB71-32B6DA55652A}.Release|x64.Build.0 = Release|x64
		{0345DC4D-EFE3-460E-AB7E-AA6E05BB8DFF}.Debug|Any CPU.ActiveCfg = Debug|x64
		{0345DC4D-EFE3-460E-AB7E-AA6E05BB8DFF}.Debug|x64.ActiveCfg = Debug|x64
		{0345DC4D-EFE3-460E-AB7E-AA6E05BB8DFF}.Debug|x64.Build.0 = Debug|x64
		{0345DC4D-EFE3-460E-AB7E-AA6E05BB8DFF}.Release|Any CPU.ActiveCfg = Release|x64
		{0345DC4D-EFE3-460E-AB7E-AA6E05BB8DFF}.Release|x64.ActiveCfg = Release|x64
		{0345DC4D-EFE3-460E-AB7E-AA6E05BB8DFF}.Release|x64.Build.0 = Release|x64
		{2B57D847-26DC-45FF-B9AF-EE33910B5093}.Debug|Any CPU.ActiveCfg = Debug|x64
		{2B57D847-26DC-45FF-B9AF-EE33910B5093}.Debug|x64.ActiveCfg = Debug|x64
		{2B57D847-26DC-45FF-B9AF-EE33910B5093}.Debug|x64.Build.0 = Debug|x64
		{2B57D847-26DC-45FF-B9AF-EE33910B5093}.Release|Any CPU.ActiveCfg = Release|x64
		{2B57D847-26DC-45FF-B9AF-EE33910B5093}.Release|x64.ActiveCfg = Release|x64
		{2B57D847-26DC-45FF-B9AF-EE33910B5093}.Release|x64.Build.0 = Release|x64
		{70BBB2AA-FA77-40C1-890F-7AA7DBB3AD3D}.Debug|Any CPU.ActiveCfg = Debug|Win32
		{70BBB2AA-FA77-40C1-890F-7AA7DBB3AD3D}.Debug|x64.ActiveCfg = Debug|x64
		{70BBB2AA-FA77-40C1-890F-7AA7DBB3AD3D}.Debug|x64.Build.0 = Debug|x64
		{70BBB2AA-FA77-40C1-890F-7AA7DBB3AD3D}.Release|Any CPU.ActiveCfg = Release|Win32
		{70BBB2AA-FA77-40C1-890F-7AA7DBB3AD3D}.Release|x64.ActiveCfg = Release|x64
		{70BBB2AA-FA77-40C1-890F-7AA7DBB3AD3D}.Release|x64.Build.0 = Release|x64
		{D7ED94EC-3FAB-4B87-AB5F-0308EA92520E}.Debug|Any CPU.ActiveCfg = Debug|Any CPU
		{D7ED94EC-3FAB-4B87-AB5F-0308EA92520E}.Debug|Any CPU.Build.0 = Debug|Any CPU
		{D7ED94EC-3FAB-4B87-AB5F-0308EA92520E}.Debug|x64.ActiveCfg = Debug|Any CPU
		{D7ED94EC-3FAB-4B87-AB5F-0308EA92520E}.Debug|x64.Build.0 = Debug|Any CPU
		{D7ED94EC-3FAB-4B87-AB5F-0308EA92520E}.Release|Any CPU.ActiveCfg = Release|Any CPU
		{D7ED94EC-3FAB-4B87-AB5F-0308EA92520E}.Release|Any CPU.Build.0 = Release|Any CPU
		{D7ED94EC-3FAB-4B87-AB5F-0308EA92520E}.Release|x64.ActiveCfg = Release|Any CPU
		{D7ED94EC-3FAB-4B87-AB5F-0308EA92520E}.Release|x64.Build.0 = Release|Any CPU
		{D0FCCA29-F0F8-49A3-9615-24FF899F1909}.Debug|Any CPU.ActiveCfg = Debug|Any CPU
		{D0FCCA29-F0F8-49A3-9615-24FF899F1909}.Debug|Any CPU.Build.0 = Debug|Any CPU
		{D0FCCA29-F0F8-49A3-9615-24FF899F1909}.Debug|x64.ActiveCfg = Debug|Any CPU
		{D0FCCA29-F0F8-49A3-9615-24FF899F1909}.Debug|x64.Build.0 = Debug|Any CPU
		{D0FCCA29-F0F8-49A3-9615-24FF899F1909}.Release|Any CPU.ActiveCfg = Release|Any CPU
		{D0FCCA29-F0F8-49A3-9615-24FF899F1909}.Release|Any CPU.Build.0 = Release|Any CPU
		{D0FCCA29-F0F8-49A3-9615-24FF899F1909}.Release|x64.ActiveCfg = Release|Any CPU
		{D0FCCA29-F0F8-49A3-9615-24FF899F1909}.Release|x64.Build.0 = Release|Any CPU
		{18DA9F90-3131-461A-A3E8-40AC0B1D7632}.Debug|Any CPU.ActiveCfg = Debug|Any CPU
		{18DA9F90-3131-461A-A3E8-40AC0B1D7632}.Debug|Any CPU.Build.0 = Debug|Any CPU
		{18DA9F90-3131-461A-A3E8-40AC0B1D7632}.Debug|x64.ActiveCfg = Debug|Any CPU
		{18DA9F90-3131-461A-A3E8-40AC0B1D7632}.Debug|x64.Build.0 = Debug|Any CPU
		{18DA9F90-3131-461A-A3E8-40AC0B1D7632}.Release|Any CPU.ActiveCfg = Release|Any CPU
		{18DA9F90-3131-461A-A3E8-40AC0B1D7632}.Release|Any CPU.Build.0 = Release|Any CPU
		{18DA9F90-3131-461A-A3E8-40AC0B1D7632}.Release|x64.ActiveCfg = Release|Any CPU
		{18DA9F90-3131-461A-A3E8-40AC0B1D7632}.Release|x64.Build.0 = Release|Any CPU
	EndGlobalSection
	GlobalSection(SolutionProperties) = preSolution
		HideSolutionNode = FALSE
	EndGlobalSection
	GlobalSection(ExtensibilityGlobals) = postSolution
		SolutionGuid = {15A17F22-F747-4B82-BF5F-E0224AF4B3ED}
	EndGlobalSection
	GlobalSection(Performance) = preSolution
		HasPerformanceSessions = true
	EndGlobalSection
	GlobalSection(Performance) = preSolution
		HasPerformanceSessions = true
	EndGlobalSection
EndGlobal
