Microsoft Visual Studio Solution File, Format Version 12.00
# Visual Studio 15
VisualStudioVersion = 15.0.26430.16
MinimumVisualStudioVersion = 10.0.40219.1
Project("{8BC9CEB8-8B4A-11D0-8D11-00A0C91BC942}") = "SEAL", "native\src\SEAL.vcxproj", "{7EA96C25-FC0D-485A-BB71-32B6DA55652A}"
EndProject
Project("{8BC9CEB8-8B4A-11D0-8D11-00A0C91BC942}") = "SEALTest", "native\tests\SEALTest.vcxproj", "{0345DC4D-EFE3-460E-AB7E-AA6E05BB8DFF}"
	ProjectSection(ProjectDependencies) = postProject
		{7EA96C25-FC0D-485A-BB71-32B6DA55652A} = {7EA96C25-FC0D-485A-BB71-32B6DA55652A}
	EndProjectSection
EndProject
Project("{8BC9CEB8-8B4A-11D0-8D11-00A0C91BC942}") = "SEALExamples", "native\examples\SEALExamples.vcxproj", "{2B57D847-26DC-45FF-B9AF-EE33910B5093}"
	ProjectSection(ProjectDependencies) = postProject
		{7EA96C25-FC0D-485A-BB71-32B6DA55652A} = {7EA96C25-FC0D-485A-BB71-32B6DA55652A}
	EndProjectSection
EndProject
Project("{8BC9CEB8-8B4A-11D0-8D11-00A0C91BC942}") = "SEALNetNative", "dotnet\native\SEALNetNative.vcxproj", "{70BBB2AA-FA77-40C1-890F-7AA7DBB3AD3D}"
	ProjectSection(ProjectDependencies) = postProject
		{7EA96C25-FC0D-485A-BB71-32B6DA55652A} = {7EA96C25-FC0D-485A-BB71-32B6DA55652A}
	EndProjectSection
EndProject
Project("{9A19103F-16F7-4668-BE54-9A1E7A4F7556}") = "SEALNet", "dotnet\src\SEALNet.csproj", "{D7ED94EC-3FAB-4B87-AB5F-0308EA92520E}"
	ProjectSection(ProjectDependencies) = postProject
		{70BBB2AA-FA77-40C1-890F-7AA7DBB3AD3D} = {70BBB2AA-FA77-40C1-890F-7AA7DBB3AD3D}
	EndProjectSection
EndProject
Project("{9A19103F-16F7-4668-BE54-9A1E7A4F7556}") = "SEALNetTest", "dotnet\tests\SEALNetTest.csproj", "{D0FCCA29-F0F8-49A3-9615-24FF899F1909}"
	ProjectSection(ProjectDependencies) = postProject
		{D7ED94EC-3FAB-4B87-AB5F-0308EA92520E} = {D7ED94EC-3FAB-4B87-AB5F-0308EA92520E}
	EndProjectSection
EndProject
Project("{9A19103F-16F7-4668-BE54-9A1E7A4F7556}") = "SEALNetExamples", "dotnet\examples\SEALNetExamples.csproj", "{18DA9F90-3131-461A-A3E8-40AC0B1D7632}"
EndProject
Project("{2150E333-8FDC-42A3-9474-1A3956D46DE8}") = "native", "native", "{A5BADDF0-1F03-48FE-AAC0-3355614C9A8D}"
EndProject
Project("{2150E333-8FDC-42A3-9474-1A3956D46DE8}") = "dotnet", "dotnet", "{0786F255-C3A7-4912-A669-12273E7AE013}"
EndProject
Project("{2150E333-8FDC-42A3-9474-1A3956D46DE8}") = "NuGet", "NuGet", "{33C15AAC-6E56-477E-A118-3451FD21AC49}"
	ProjectSection(SolutionItems) = preProject
		dotnet\nuget\NUGET.md = dotnet\nuget\NUGET.md
		dotnet\nuget\SEALNet.nuspec = dotnet\nuget\SEALNet.nuspec
		dotnet\nuget\SEALNet.targets = dotnet\nuget\SEALNet.targets
	EndProjectSection
EndProject
Global
	GlobalSection(SolutionConfigurationPlatforms) = preSolution
		Debug|x64 = Debug|x64
		Release|x64 = Release|x64
	EndGlobalSection
	GlobalSection(ProjectConfigurationPlatforms) = postSolution
		{7EA96C25-FC0D-485A-BB71-32B6DA55652A}.Debug|x64.ActiveCfg = Debug|x64
		{7EA96C25-FC0D-485A-BB71-32B6DA55652A}.Debug|x64.Build.0 = Debug|x64
		{7EA96C25-FC0D-485A-BB71-32B6DA55652A}.Release|x64.ActiveCfg = Release|x64
		{7EA96C25-FC0D-485A-BB71-32B6DA55652A}.Release|x64.Build.0 = Release|x64
		{0345DC4D-EFE3-460E-AB7E-AA6E05BB8DFF}.Debug|x64.ActiveCfg = Debug|x64
		{0345DC4D-EFE3-460E-AB7E-AA6E05BB8DFF}.Debug|x64.Build.0 = Debug|x64
		{0345DC4D-EFE3-460E-AB7E-AA6E05BB8DFF}.Release|x64.ActiveCfg = Release|x64
		{0345DC4D-EFE3-460E-AB7E-AA6E05BB8DFF}.Release|x64.Build.0 = Release|x64
		{2B57D847-26DC-45FF-B9AF-EE33910B5093}.Debug|x64.ActiveCfg = Debug|x64
		{2B57D847-26DC-45FF-B9AF-EE33910B5093}.Debug|x64.Build.0 = Debug|x64
		{2B57D847-26DC-45FF-B9AF-EE33910B5093}.Release|x64.ActiveCfg = Release|x64
		{2B57D847-26DC-45FF-B9AF-EE33910B5093}.Release|x64.Build.0 = Release|x64
		{70BBB2AA-FA77-40C1-890F-7AA7DBB3AD3D}.Debug|x64.ActiveCfg = Debug|x64
		{70BBB2AA-FA77-40C1-890F-7AA7DBB3AD3D}.Debug|x64.Build.0 = Debug|x64
		{70BBB2AA-FA77-40C1-890F-7AA7DBB3AD3D}.Release|x64.ActiveCfg = Release|x64
		{70BBB2AA-FA77-40C1-890F-7AA7DBB3AD3D}.Release|x64.Build.0 = Release|x64
		{D7ED94EC-3FAB-4B87-AB5F-0308EA92520E}.Debug|x64.ActiveCfg = Debug|Any CPU
		{D7ED94EC-3FAB-4B87-AB5F-0308EA92520E}.Debug|x64.Build.0 = Debug|Any CPU
		{D7ED94EC-3FAB-4B87-AB5F-0308EA92520E}.Release|x64.ActiveCfg = Release|Any CPU
		{D7ED94EC-3FAB-4B87-AB5F-0308EA92520E}.Release|x64.Build.0 = Release|Any CPU
		{D0FCCA29-F0F8-49A3-9615-24FF899F1909}.Debug|x64.ActiveCfg = Debug|Any CPU
		{D0FCCA29-F0F8-49A3-9615-24FF899F1909}.Debug|x64.Build.0 = Debug|Any CPU
		{D0FCCA29-F0F8-49A3-9615-24FF899F1909}.Release|x64.ActiveCfg = Release|Any CPU
		{D0FCCA29-F0F8-49A3-9615-24FF899F1909}.Release|x64.Build.0 = Release|Any CPU
		{18DA9F90-3131-461A-A3E8-40AC0B1D7632}.Debug|x64.ActiveCfg = Debug|Any CPU
		{18DA9F90-3131-461A-A3E8-40AC0B1D7632}.Debug|x64.Build.0 = Debug|Any CPU
		{18DA9F90-3131-461A-A3E8-40AC0B1D7632}.Release|x64.ActiveCfg = Release|Any CPU
		{18DA9F90-3131-461A-A3E8-40AC0B1D7632}.Release|x64.Build.0 = Release|Any CPU
	EndGlobalSection
	GlobalSection(SolutionProperties) = preSolution
		HideSolutionNode = FALSE
	EndGlobalSection
	GlobalSection(NestedProjects) = preSolution
		{7EA96C25-FC0D-485A-BB71-32B6DA55652A} = {A5BADDF0-1F03-48FE-AAC0-3355614C9A8D}
		{0345DC4D-EFE3-460E-AB7E-AA6E05BB8DFF} = {A5BADDF0-1F03-48FE-AAC0-3355614C9A8D}
		{2B57D847-26DC-45FF-B9AF-EE33910B5093} = {A5BADDF0-1F03-48FE-AAC0-3355614C9A8D}
		{70BBB2AA-FA77-40C1-890F-7AA7DBB3AD3D} = {0786F255-C3A7-4912-A669-12273E7AE013}
		{D7ED94EC-3FAB-4B87-AB5F-0308EA92520E} = {0786F255-C3A7-4912-A669-12273E7AE013}
		{D0FCCA29-F0F8-49A3-9615-24FF899F1909} = {0786F255-C3A7-4912-A669-12273E7AE013}
		{18DA9F90-3131-461A-A3E8-40AC0B1D7632} = {0786F255-C3A7-4912-A669-12273E7AE013}
		{33C15AAC-6E56-477E-A118-3451FD21AC49} = {0786F255-C3A7-4912-A669-12273E7AE013}
	EndGlobalSection
	GlobalSection(ExtensibilityGlobals) = postSolution
		SolutionGuid = {15A17F22-F747-4B82-BF5F-E0224AF4B3ED}
	EndGlobalSection
	GlobalSection(Performance) = preSolution
		HasPerformanceSessions = true
	EndGlobalSection
	GlobalSection(Performance) = preSolution
		HasPerformanceSessions = true
	EndGlobalSection
EndGlobal
