<?xml version="1.0" encoding="utf-8"?>
<Project ToolsVersion="4.0" xmlns="http://schemas.microsoft.com/developer/msbuild/2003">
  <ItemGroup>
    <Filter Include="Source Files">
      <UniqueIdentifier>{4FC737F1-C7A5-4376-A066-2A32D752A2FF}</UniqueIdentifier>
      <Extensions>cpp;c;cc;cxx;def;odl;idl;hpj;bat;asm;asmx</Extensions>
    </Filter>
    <Filter Include="Header Files">
      <UniqueIdentifier>{93995380-89BD-4b04-88EB-625FBE52EBFB}</UniqueIdentifier>
      <Extensions>h;hh;hpp;hxx;hm;inl;inc;ipp;xsd</Extensions>
    </Filter>
    <Filter Include="Resource Files">
      <UniqueIdentifier>{67DA6AB6-F800-4c08-8B7A-83BB121AAD01}</UniqueIdentifier>
      <Extensions>rc;ico;cur;bmp;dlg;rc2;rct;bin;rgs;gif;jpg;jpeg;jpe;resx;tiff;tif;png;wav;mfcribbon-ms</Extensions>
    </Filter>
    <Filter Include="Other">
      <UniqueIdentifier>{1027e253-e357-4456-b08e-f29b7cceb334}</UniqueIdentifier>
    </Filter>
    <Filter Include="Other\sealnet">
      <UniqueIdentifier>{dc746efc-06e3-4dfc-aaa6-b443ac893283}</UniqueIdentifier>
    </Filter>
  </ItemGroup>
  <ItemGroup>
    <ClInclude Include="sealnet\defines.h">
      <Filter>Header Files</Filter>
    </ClInclude>
    <ClInclude Include="sealnet\stdafx.h">
      <Filter>Header Files</Filter>
    </ClInclude>
    <ClInclude Include="sealnet\targetver.h">
      <Filter>Header Files</Filter>
    </ClInclude>
    <ClInclude Include="sealnet\utilities.h">
      <Filter>Header Files</Filter>
    </ClInclude>
    <ClInclude Include="sealnet\batchencoder_wrapper.h">
      <Filter>Header Files</Filter>
    </ClInclude>
    <ClInclude Include="sealnet\biguint_wrapper.h">
      <Filter>Header Files</Filter>
    </ClInclude>
    <ClInclude Include="sealnet\ciphertext_wrapper.h">
      <Filter>Header Files</Filter>
    </ClInclude>
    <ClInclude Include="sealnet\ckksencoder_wrapper.h">
      <Filter>Header Files</Filter>
    </ClInclude>
    <ClInclude Include="sealnet\contextdata_wrapper.h">
      <Filter>Header Files</Filter>
    </ClInclude>
    <ClInclude Include="sealnet\decryptor_wrapper.h">
      <Filter>Header Files</Filter>
    </ClInclude>
    <ClInclude Include="sealnet\encryptionparameterqualifiers_wrapper.h">
      <Filter>Header Files</Filter>
    </ClInclude>
    <ClInclude Include="sealnet\encryptionparameters_wrapper.h">
      <Filter>Header Files</Filter>
    </ClInclude>
    <ClInclude Include="sealnet\encryptor_wrapper.h">
      <Filter>Header Files</Filter>
    </ClInclude>
    <ClInclude Include="sealnet\evaluator_wrapper.h">
      <Filter>Header Files</Filter>
    </ClInclude>
    <ClInclude Include="sealnet\galoiskeys_wrapper.h">
      <Filter>Header Files</Filter>
    </ClInclude>
    <ClInclude Include="sealnet\keygenerator_wrapper.h">
      <Filter>Header Files</Filter>
    </ClInclude>
    <ClInclude Include="sealnet\memorymanager_wrapper.h">
      <Filter>Header Files</Filter>
    </ClInclude>
    <ClInclude Include="sealnet\memorypoolhandle_wrapper.h">
      <Filter>Header Files</Filter>
    </ClInclude>
    <ClInclude Include="sealnet\plaintext_wrapper.h">
      <Filter>Header Files</Filter>
    </ClInclude>
    <ClInclude Include="sealnet\publickey_wrapper.h">
      <Filter>Header Files</Filter>
    </ClInclude>
    <ClInclude Include="sealnet\relinkeys_wrapper.h">
      <Filter>Header Files</Filter>
    </ClInclude>
    <ClInclude Include="sealnet\sealcontext_wrapper.h">
      <Filter>Header Files</Filter>
    </ClInclude>
    <ClInclude Include="sealnet\secretkey_wrapper.h">
      <Filter>Header Files</Filter>
    </ClInclude>
    <ClInclude Include="sealnet\smallmodulus_wrapper.h">
      <Filter>Header Files</Filter>
    </ClInclude>
    <ClInclude Include="sealnet\intencoder_wrapper.h">
      <Filter>Header Files</Filter>
    </ClInclude>
    <ClInclude Include="sealnet\valcheck_wrapper.h">
      <Filter>Header Files</Filter>
    </ClInclude>
    <ClInclude Include="sealnet\kswitchkeys_wrapper.h">
      <Filter>Header Files</Filter>
    </ClInclude>
    <ClInclude Include="sealnet\modulus_wrapper.h">
      <Filter>Header Files</Filter>
    </ClInclude>
  </ItemGroup>
  <ItemGroup>
    <ClCompile Include="sealnet\dllmain.cpp">
      <Filter>Source Files</Filter>
    </ClCompile>
    <ClCompile Include="sealnet\utilities.cpp">
      <Filter>Source Files</Filter>
    </ClCompile>
    <ClCompile Include="sealnet\stdafx.cpp">
      <Filter>Source Files</Filter>
    </ClCompile>
    <ClCompile Include="sealnet\batchencoder_wrapper.cpp">
      <Filter>Source Files</Filter>
    </ClCompile>
    <ClCompile Include="sealnet\biguint_wrapper.cpp">
      <Filter>Source Files</Filter>
    </ClCompile>
    <ClCompile Include="sealnet\ciphertext_wrapper.cpp">
      <Filter>Source Files</Filter>
    </ClCompile>
    <ClCompile Include="sealnet\ckksencoder_wrapper.cpp">
      <Filter>Source Files</Filter>
    </ClCompile>
    <ClCompile Include="sealnet\contextdata_wrapper.cpp">
      <Filter>Source Files</Filter>
    </ClCompile>
    <ClCompile Include="sealnet\decryptor_wrapper.cpp">
      <Filter>Source Files</Filter>
    </ClCompile>
    <ClCompile Include="sealnet\encryptionparameterqualifiers_wrapper.cpp">
      <Filter>Source Files</Filter>
    </ClCompile>
    <ClCompile Include="sealnet\encryptionparameters_wrapper.cpp">
      <Filter>Source Files</Filter>
    </ClCompile>
    <ClCompile Include="sealnet\encryptor_wrapper.cpp">
      <Filter>Source Files</Filter>
    </ClCompile>
    <ClCompile Include="sealnet\evaluator_wrapper.cpp">
      <Filter>Source Files</Filter>
    </ClCompile>
    <ClCompile Include="sealnet\galoiskeys_wrapper.cpp">
      <Filter>Source Files</Filter>
    </ClCompile>
    <ClCompile Include="sealnet\keygenerator_wrapper.cpp">
      <Filter>Source Files</Filter>
    </ClCompile>
    <ClCompile Include="sealnet\memorymanager_wrapper.cpp">
      <Filter>Source Files</Filter>
    </ClCompile>
    <ClCompile Include="sealnet\memorypoolhandle_wrapper.cpp">
      <Filter>Source Files</Filter>
    </ClCompile>
    <ClCompile Include="sealnet\plaintext_wrapper.cpp">
      <Filter>Source Files</Filter>
    </ClCompile>
    <ClCompile Include="sealnet\publickey_wrapper.cpp">
      <Filter>Source Files</Filter>
    </ClCompile>
    <ClCompile Include="sealnet\relinkeys_wrapper.cpp">
      <Filter>Source Files</Filter>
    </ClCompile>
    <ClCompile Include="sealnet\sealcontext_wrapper.cpp">
      <Filter>Source Files</Filter>
    </ClCompile>
    <ClCompile Include="sealnet\secretkey_wrapper.cpp">
      <Filter>Source Files</Filter>
    </ClCompile>
    <ClCompile Include="sealnet\smallmodulus_wrapper.cpp">
      <Filter>Source Files</Filter>
    </ClCompile>
    <ClCompile Include="sealnet\intencoder_wrapper.cpp">
      <Filter>Source Files</Filter>
    </ClCompile>
    <ClCompile Include="sealnet\valcheck_wrapper.cpp">
      <Filter>Source Files</Filter>
    </ClCompile>
    <ClCompile Include="sealnet\kswitchkeys_wrapper.cpp">
      <Filter>Source Files</Filter>
    </ClCompile>
    <ClCompile Include="sealnet\modulus_wrapper.cpp">
      <Filter>Source Files</Filter>
    </ClCompile>
  </ItemGroup>
  <ItemGroup>
    <Text Include="CMakeLists.txt">
      <Filter>Other</Filter>
    </Text>
    <Text Include="sealnet\CMakeLists.txt">
      <Filter>Other\sealnet</Filter>
    </Text>
  </ItemGroup>
</Project>