<?xml version="1.0" encoding="utf-8"?>
<Project ToolsVersion="4.0" xmlns="http://schemas.microsoft.com/developer/msbuild/2003">
  <ItemGroup>
    <Filter Include="Source Files">
      <UniqueIdentifier>{4FC737F1-C7A5-4376-A066-2A32D752A2FF}</UniqueIdentifier>
      <Extensions>cpp;c;cc;cxx;def;odl;idl;hpj;bat;asm;asmx</Extensions>
    </Filter>
    <Filter Include="Header Files">
      <UniqueIdentifier>{93995380-89BD-4b04-88EB-625FBE52EBFB}</UniqueIdentifier>
      <Extensions>h;hh;hpp;hxx;hm;inl;inc;xsd</Extensions>
    </Filter>
    <Filter Include="Resource Files">
      <UniqueIdentifier>{67DA6AB6-F800-4c08-8B7A-83BB121AAD01}</UniqueIdentifier>
      <Extensions>rc;ico;cur;bmp;dlg;rc2;rct;bin;rgs;gif;jpg;jpeg;jpe;resx;tiff;tif;png;wav;mfcribbon-ms</Extensions>
    </Filter>
    <Filter Include="Source Files\util">
      <UniqueIdentifier>{6c39d93e-a64a-44b3-95ca-ba22fd03ea17}</UniqueIdentifier>
      <Extensions>cpp;c;cc;cxx;def;odl;idl;hpj;bat;asm;asmx</Extensions>
    </Filter>
    <Filter Include="Other">
      <UniqueIdentifier>{c2fb4c08-c2b6-492e-872b-05c104d883e6}</UniqueIdentifier>
    </Filter>
    <Filter Include="Other\seal">
      <UniqueIdentifier>{ba659d9a-0bce-409b-8429-a60c1b9506ee}</UniqueIdentifier>
    </Filter>
    <Filter Include="Other\seal\util">
      <UniqueIdentifier>{86489695-28b4-44f1-8f0d-2637ecd43cb3}</UniqueIdentifier>
    </Filter>
  </ItemGroup>
  <ItemGroup>
    <ClCompile Include="seal\biguint.cpp">
      <Filter>Source Files</Filter>
    </ClCompile>
    <ClCompile Include="seal\intencoder.cpp">
      <Filter>Source Files</Filter>
    </ClCompile>
    <ClCompile Include="seal\encryptionparams.cpp">
      <Filter>Source Files</Filter>
    </ClCompile>
    <ClCompile Include="seal\encryptor.cpp">
      <Filter>Source Files</Filter>
    </ClCompile>
    <ClCompile Include="seal\evaluator.cpp">
      <Filter>Source Files</Filter>
    </ClCompile>
    <ClCompile Include="seal\keygenerator.cpp">
      <Filter>Source Files</Filter>
    </ClCompile>
    <ClCompile Include="seal\randomgen.cpp">
      <Filter>Source Files</Filter>
    </ClCompile>
    <ClCompile Include="seal\randomtostd.cpp">
      <Filter>Source Files</Filter>
    </ClCompile>
    <ClCompile Include="seal\util\clipnormal.cpp">
      <Filter>Source Files\util</Filter>
    </ClCompile>
    <ClCompile Include="seal\util\common.cpp">
      <Filter>Source Files\util</Filter>
    </ClCompile>
    <ClCompile Include="seal\util\mempool.cpp">
      <Filter>Source Files\util</Filter>
    </ClCompile>
    <ClCompile Include="seal\util\polyarith.cpp">
      <Filter>Source Files\util</Filter>
    </ClCompile>
    <ClCompile Include="seal\util\polyarithmod.cpp">
      <Filter>Source Files\util</Filter>
    </ClCompile>
    <ClCompile Include="seal\util\polycore.cpp">
      <Filter>Source Files\util</Filter>
    </ClCompile>
    <ClCompile Include="seal\util\stringtouint64.cpp">
      <Filter>Source Files\util</Filter>
    </ClCompile>
    <ClCompile Include="seal\util\uint64tostring.cpp">
      <Filter>Source Files\util</Filter>
    </ClCompile>
    <ClCompile Include="seal\util\uintarith.cpp">
      <Filter>Source Files\util</Filter>
    </ClCompile>
    <ClCompile Include="seal\util\uintcore.cpp">
      <Filter>Source Files\util</Filter>
    </ClCompile>
    <ClCompile Include="seal\util\locks.cpp">
      <Filter>Source Files\util</Filter>
    </ClCompile>
    <ClCompile Include="seal\relinkeys.cpp">
      <Filter>Source Files</Filter>
    </ClCompile>
    <ClCompile Include="seal\memorymanager.cpp">
      <Filter>Source Files</Filter>
    </ClCompile>
    <ClCompile Include="seal\context.cpp">
      <Filter>Source Files</Filter>
    </ClCompile>
    <ClCompile Include="seal\secretkey.cpp">
      <Filter>Source Files</Filter>
    </ClCompile>
    <ClCompile Include="seal\publickey.cpp">
      <Filter>Source Files</Filter>
    </ClCompile>
    <ClCompile Include="seal\ciphertext.cpp">
      <Filter>Source Files</Filter>
    </ClCompile>
    <ClCompile Include="seal\util\hash.cpp">
      <Filter>Source Files\util</Filter>
    </ClCompile>
    <ClCompile Include="seal\util\numth.cpp">
      <Filter>Source Files\util</Filter>
    </ClCompile>
    <ClCompile Include="seal\util\polyarithsmallmod.cpp">
      <Filter>Source Files\util</Filter>
    </ClCompile>
    <ClCompile Include="seal\util\uintarithmod.cpp">
      <Filter>Source Files\util</Filter>
    </ClCompile>
    <ClCompile Include="seal\util\uintarithsmallmod.cpp">
      <Filter>Source Files\util</Filter>
    </ClCompile>
    <ClCompile Include="seal\util\smallntt.cpp">
      <Filter>Source Files\util</Filter>
    </ClCompile>
    <ClCompile Include="seal\plaintext.cpp">
      <Filter>Source Files</Filter>
    </ClCompile>
    <ClCompile Include="seal\smallmodulus.cpp">
      <Filter>Source Files</Filter>
    </ClCompile>
    <ClCompile Include="seal\galoiskeys.cpp">
      <Filter>Source Files</Filter>
    </ClCompile>
    <ClCompile Include="seal\batchencoder.cpp">
      <Filter>Source Files</Filter>
    </ClCompile>
    <ClCompile Include="seal\intarray.cpp">
      <Filter>Source Files</Filter>
    </ClCompile>
    <ClCompile Include="seal\ckks.cpp">
      <Filter>Source Files</Filter>
    </ClCompile>
    <ClCompile Include="seal\testrunner.cpp">
      <Filter>Source Files</Filter>
    </ClCompile>
    <ClCompile Include="seal\modulus.cpp">
      <Filter>Source Files</Filter>
    </ClCompile>
  </ItemGroup>
  <ItemGroup>
    <Text Include="CMakeLists.txt">
      <Filter>Other</Filter>
    </Text>
    <Text Include="seal\CMakeLists.txt">
      <Filter>Other\seal</Filter>
    </Text>
    <Text Include="seal\util\CMakeLists.txt">
      <Filter>Other\seal\util</Filter>
    </Text>
  </ItemGroup>
  <ItemGroup>
    <None Include="packages.config">
      <Filter>Other</Filter>
    </None>
  </ItemGroup>
</Project>