<?xml version="1.0" encoding="utf-8"?>
<Project ToolsVersion="4.0" xmlns="http://schemas.microsoft.com/developer/msbuild/2003">
  <ItemGroup>
    <Filter Include="Source Files">
      <UniqueIdentifier>{4FC737F1-C7A5-4376-A066-2A32D752A2FF}</UniqueIdentifier>
      <Extensions>cpp;c;cc;cxx;def;odl;idl;hpj;bat;asm;asmx</Extensions>
    </Filter>
    <Filter Include="Header Files">
      <UniqueIdentifier>{93995380-89BD-4b04-88EB-625FBE52EBFB}</UniqueIdentifier>
      <Extensions>h;hh;hpp;hxx;hm;inl;inc;ipp;xsd</Extensions>
    </Filter>
    <Filter Include="Resource Files">
      <UniqueIdentifier>{67DA6AB6-F800-4c08-8B7A-83BB121AAD01}</UniqueIdentifier>
      <Extensions>rc;ico;cur;bmp;dlg;rc2;rct;bin;rgs;gif;jpg;jpeg;jpe;resx;tiff;tif;png;wav;mfcribbon-ms</Extensions>
    </Filter>
  </ItemGroup>
  <ItemGroup>
    <ClInclude Include="seal\batchencoder.h">
      <Filter>Header Files</Filter>
    </ClInclude>
    <ClInclude Include="seal\biguint.h">
      <Filter>Header Files</Filter>
    </ClInclude>
    <ClInclude Include="seal\ciphertext.h">
      <Filter>Header Files</Filter>
    </ClInclude>
    <ClInclude Include="seal\ckksencoder.h">
      <Filter>Header Files</Filter>
    </ClInclude>
    <ClInclude Include="seal\decryptor.h">
      <Filter>Header Files</Filter>
    </ClInclude>
    <ClInclude Include="seal\defaultparams.h">
      <Filter>Header Files</Filter>
    </ClInclude>
    <ClInclude Include="seal\defines.h">
      <Filter>Header Files</Filter>
    </ClInclude>
    <ClInclude Include="seal\encryptionparameterqualifiers.h">
      <Filter>Header Files</Filter>
    </ClInclude>
    <ClInclude Include="seal\encryptionparameters.h">
      <Filter>Header Files</Filter>
    </ClInclude>
    <ClInclude Include="seal\encryptor.h">
      <Filter>Header Files</Filter>
    </ClInclude>
    <ClInclude Include="seal\evaluator.h">
      <Filter>Header Files</Filter>
    </ClInclude>
    <ClInclude Include="seal\galoiskeys.h">
      <Filter>Header Files</Filter>
    </ClInclude>
    <ClInclude Include="seal\keygenerator.h">
      <Filter>Header Files</Filter>
    </ClInclude>
    <ClInclude Include="seal\plaintext.h">
      <Filter>Header Files</Filter>
    </ClInclude>
    <ClInclude Include="seal\publickey.h">
      <Filter>Header Files</Filter>
    </ClInclude>
    <ClInclude Include="seal\relinkeys.h">
      <Filter>Header Files</Filter>
    </ClInclude>
    <ClInclude Include="seal\sealcontext.h">
      <Filter>Header Files</Filter>
    </ClInclude>
    <ClInclude Include="seal\secretkey.h">
      <Filter>Header Files</Filter>
    </ClInclude>
    <ClInclude Include="seal\smallmodulus.h">
      <Filter>Header Files</Filter>
    </ClInclude>
    <ClInclude Include="seal\stdafx.h">
      <Filter>Header Files</Filter>
    </ClInclude>
    <ClInclude Include="seal\targetver.h">
      <Filter>Header Files</Filter>
    </ClInclude>
    <ClInclude Include="seal\utilities.h">
      <Filter>Header Files</Filter>
    </ClInclude>
    <ClInclude Include="seal\contextdata.h">
      <Filter>Header Files</Filter>
    </ClInclude>
    <ClInclude Include="seal\memorymanager.h">
      <Filter>Header Files</Filter>
    </ClInclude>
    <ClInclude Include="seal\memorypoolhandle.h">
      <Filter>Header Files</Filter>
    </ClInclude>
  </ItemGroup>
  <ItemGroup>
    <ClCompile Include="seal\batchencoder.cpp">
      <Filter>Source Files</Filter>
    </ClCompile>
    <ClCompile Include="seal\ciphertext.cpp">
      <Filter>Source Files</Filter>
    </ClCompile>
    <ClCompile Include="seal\ckksencoder.cpp">
      <Filter>Source Files</Filter>
    </ClCompile>
    <ClCompile Include="seal\decryptor.cpp">
      <Filter>Source Files</Filter>
    </ClCompile>
    <ClCompile Include="seal\defaultparams.cpp">
      <Filter>Source Files</Filter>
    </ClCompile>
    <ClCompile Include="seal\dllmain.cpp">
      <Filter>Source Files</Filter>
    </ClCompile>
    <ClCompile Include="seal\biguint.cpp">
      <Filter>Source Files</Filter>
    </ClCompile>
    <ClCompile Include="seal\encryptionparameterqualifiers.cpp">
      <Filter>Source Files</Filter>
    </ClCompile>
    <ClCompile Include="seal\encryptor.cpp">
      <Filter>Source Files</Filter>
    </ClCompile>
    <ClCompile Include="seal\evaluator.cpp">
      <Filter>Source Files</Filter>
    </ClCompile>
    <ClCompile Include="seal\galoiskeys.cpp">
      <Filter>Source Files</Filter>
    </ClCompile>
    <ClCompile Include="seal\keygenerator.cpp">
      <Filter>Source Files</Filter>
    </ClCompile>
    <ClCompile Include="seal\plaintext.cpp">
      <Filter>Source Files</Filter>
    </ClCompile>
    <ClCompile Include="seal\publickey.cpp">
      <Filter>Source Files</Filter>
    </ClCompile>
    <ClCompile Include="seal\relinkeys.cpp">
      <Filter>Source Files</Filter>
    </ClCompile>
    <ClCompile Include="seal\sealcontext.cpp">
      <Filter>Source Files</Filter>
    </ClCompile>
    <ClCompile Include="seal\secretkey.cpp">
      <Filter>Source Files</Filter>
    </ClCompile>
    <ClCompile Include="seal\smallmodulus.cpp">
      <Filter>Source Files</Filter>
    </ClCompile>
    <ClCompile Include="seal\encryptionparameters.cpp">
      <Filter>Source Files</Filter>
    </ClCompile>
    <ClCompile Include="seal\utilities.cpp">
      <Filter>Source Files</Filter>
    </ClCompile>
    <ClCompile Include="seal\stdafx.cpp">
      <Filter>Source Files</Filter>
    </ClCompile>
    <ClCompile Include="seal\contextdata.cpp">
      <Filter>Source Files</Filter>
    </ClCompile>
    <ClCompile Include="seal\memorymanager.cpp">
      <Filter>Source Files</Filter>
    </ClCompile>
    <ClCompile Include="seal\memorypoolhandle.cpp">
      <Filter>Source Files</Filter>
    </ClCompile>
  </ItemGroup>
</Project>