<?xml version="1.0" encoding="utf-8"?>
<Project ToolsVersion="4.0" xmlns="http://schemas.microsoft.com/developer/msbuild/2003">
  <ItemGroup>
    <Filter Include="Source Files">
      <UniqueIdentifier>{4FC737F1-C7A5-4376-A066-2A32D752A2FF}</UniqueIdentifier>
      <Extensions>cpp;c;cc;cxx;def;odl;idl;hpj;bat;asm;asmx</Extensions>
    </Filter>
    <Filter Include="Header Files">
      <UniqueIdentifier>{93995380-89BD-4b04-88EB-625FBE52EBFB}</UniqueIdentifier>
      <Extensions>h;hh;hpp;hxx;hm;inl;inc;ipp;xsd</Extensions>
    </Filter>
    <Filter Include="Resource Files">
      <UniqueIdentifier>{67DA6AB6-F800-4c08-8B7A-83BB121AAD01}</UniqueIdentifier>
      <Extensions>rc;ico;cur;bmp;dlg;rc2;rct;bin;rgs;gif;jpg;jpeg;jpe;resx;tiff;tif;png;wav;mfcribbon-ms</Extensions>
    </Filter>
  </ItemGroup>
  <ItemGroup>
    <ClInclude Include="seal\defines.h">
      <Filter>Header Files</Filter>
    </ClInclude>
    <ClInclude Include="seal\stdafx.h">
      <Filter>Header Files</Filter>
    </ClInclude>
    <ClInclude Include="seal\targetver.h">
      <Filter>Header Files</Filter>
    </ClInclude>
    <ClInclude Include="seal\utilities.h">
      <Filter>Header Files</Filter>
    </ClInclude>
    <ClInclude Include="seal\batchencoder_wrapper.h">
      <Filter>Header Files</Filter>
    </ClInclude>
    <ClInclude Include="seal\biguint_wrapper.h">
      <Filter>Header Files</Filter>
    </ClInclude>
    <ClInclude Include="seal\ciphertext_wrapper.h">
      <Filter>Header Files</Filter>
    </ClInclude>
    <ClInclude Include="seal\ckksencoder_wrapper.h">
      <Filter>Header Files</Filter>
    </ClInclude>
    <ClInclude Include="seal\contextdata_wrapper.h">
      <Filter>Header Files</Filter>
    </ClInclude>
    <ClInclude Include="seal\decryptor_wrapper.h">
      <Filter>Header Files</Filter>
    </ClInclude>
    <ClInclude Include="seal\defaultparams_wrapper.h">
      <Filter>Header Files</Filter>
    </ClInclude>
    <ClInclude Include="seal\encryptionparameterqualifiers_wrapper.h">
      <Filter>Header Files</Filter>
    </ClInclude>
    <ClInclude Include="seal\encryptionparameters_wrapper.h">
      <Filter>Header Files</Filter>
    </ClInclude>
    <ClInclude Include="seal\encryptor_wrapper.h">
      <Filter>Header Files</Filter>
    </ClInclude>
    <ClInclude Include="seal\evaluator_wrapper.h">
      <Filter>Header Files</Filter>
    </ClInclude>
    <ClInclude Include="seal\galoiskeys_wrapper.h">
      <Filter>Header Files</Filter>
    </ClInclude>
    <ClInclude Include="seal\keygenerator_wrapper.h">
      <Filter>Header Files</Filter>
    </ClInclude>
    <ClInclude Include="seal\memorymanager_wrapper.h">
      <Filter>Header Files</Filter>
    </ClInclude>
    <ClInclude Include="seal\memorypoolhandle_wrapper.h">
      <Filter>Header Files</Filter>
    </ClInclude>
    <ClInclude Include="seal\plaintext_wrapper.h">
      <Filter>Header Files</Filter>
    </ClInclude>
    <ClInclude Include="seal\publickey_wrapper.h">
      <Filter>Header Files</Filter>
    </ClInclude>
    <ClInclude Include="seal\relinkeys_wrapper.h">
      <Filter>Header Files</Filter>
    </ClInclude>
    <ClInclude Include="seal\sealcontext_wrapper.h">
      <Filter>Header Files</Filter>
    </ClInclude>
    <ClInclude Include="seal\secretkey_wrapper.h">
      <Filter>Header Files</Filter>
    </ClInclude>
    <ClInclude Include="seal\smallmodulus_wrapper.h">
      <Filter>Header Files</Filter>
    </ClInclude>
  </ItemGroup>
  <ItemGroup>
    <ClCompile Include="seal\dllmain.cpp">
      <Filter>Source Files</Filter>
    </ClCompile>
    <ClCompile Include="seal\utilities.cpp">
      <Filter>Source Files</Filter>
    </ClCompile>
    <ClCompile Include="seal\stdafx.cpp">
      <Filter>Source Files</Filter>
    </ClCompile>
    <ClCompile Include="seal\batchencoder_wrapper.cpp">
      <Filter>Source Files</Filter>
    </ClCompile>
    <ClCompile Include="seal\biguint_wrapper.cpp">
      <Filter>Source Files</Filter>
    </ClCompile>
    <ClCompile Include="seal\ciphertext_wrapper.cpp">
      <Filter>Source Files</Filter>
    </ClCompile>
    <ClCompile Include="seal\ckksencoder_wrapper.cpp">
      <Filter>Source Files</Filter>
    </ClCompile>
    <ClCompile Include="seal\contextdata_wrapper.cpp">
      <Filter>Source Files</Filter>
    </ClCompile>
    <ClCompile Include="seal\decryptor_wrapper.cpp">
      <Filter>Source Files</Filter>
    </ClCompile>
    <ClCompile Include="seal\defaultparams_wrapper.cpp">
      <Filter>Source Files</Filter>
    </ClCompile>
    <ClCompile Include="seal\encryptionparameterqualifiers_wrapper.cpp">
      <Filter>Source Files</Filter>
    </ClCompile>
    <ClCompile Include="seal\encryptionparameters_wrapper.cpp">
      <Filter>Source Files</Filter>
    </ClCompile>
    <ClCompile Include="seal\encryptor_wrapper.cpp">
      <Filter>Source Files</Filter>
    </ClCompile>
    <ClCompile Include="seal\evaluator_wrapper.cpp">
      <Filter>Source Files</Filter>
    </ClCompile>
    <ClCompile Include="seal\galoiskeys_wrapper.cpp">
      <Filter>Source Files</Filter>
    </ClCompile>
    <ClCompile Include="seal\keygenerator_wrapper.cpp">
      <Filter>Source Files</Filter>
    </ClCompile>
    <ClCompile Include="seal\memorymanager_wrapper.cpp">
      <Filter>Source Files</Filter>
    </ClCompile>
    <ClCompile Include="seal\memorypoolhandle_wrapper.cpp">
      <Filter>Source Files</Filter>
    </ClCompile>
    <ClCompile Include="seal\plaintext_wrapper.cpp">
      <Filter>Source Files</Filter>
    </ClCompile>
    <ClCompile Include="seal\publickey_wrapper.cpp">
      <Filter>Source Files</Filter>
    </ClCompile>
    <ClCompile Include="seal\relinkeys_wrapper.cpp">
      <Filter>Source Files</Filter>
    </ClCompile>
    <ClCompile Include="seal\sealcontext_wrapper.cpp">
      <Filter>Source Files</Filter>
    </ClCompile>
    <ClCompile Include="seal\secretkey_wrapper.cpp">
      <Filter>Source Files</Filter>
    </ClCompile>
    <ClCompile Include="seal\smallmodulus_wrapper.cpp">
      <Filter>Source Files</Filter>
    </ClCompile>
  </ItemGroup>
</Project>