<?xml version="1.0" encoding="utf-8"?>
<Project ToolsVersion="4.0" xmlns="http://schemas.microsoft.com/developer/msbuild/2003">
  <ItemGroup>
    <Filter Include="Source Files">
      <UniqueIdentifier>{4FC737F1-C7A5-4376-A066-2A32D752A2FF}</UniqueIdentifier>
      <Extensions>cpp;c;cc;cxx;def;odl;idl;hpj;bat;asm;asmx</Extensions>
    </Filter>
    <Filter Include="Header Files">
      <UniqueIdentifier>{93995380-89BD-4b04-88EB-625FBE52EBFB}</UniqueIdentifier>
      <Extensions>h;hh;hpp;hxx;hm;inl;inc;ipp;xsd</Extensions>
    </Filter>
    <Filter Include="Other">
      <UniqueIdentifier>{1027e253-e357-4456-b08e-f29b7cceb334}</UniqueIdentifier>
    </Filter>
  </ItemGroup>
  <ItemGroup>
    <ClInclude Include="seal\c\defines.h">
      <Filter>Header Files</Filter>
    </ClInclude>
    <ClInclude Include="seal\c\stdafx.h">
      <Filter>Header Files</Filter>
    </ClInclude>
    <ClInclude Include="seal\c\targetver.h">
      <Filter>Header Files</Filter>
    </ClInclude>
    <ClInclude Include="seal\c\utilities.h">
      <Filter>Header Files</Filter>
    </ClInclude>
    <ClInclude Include="seal\c\batchencoder.h">
      <Filter>Header Files</Filter>
    </ClInclude>
    <ClInclude Include="seal\c\biguint.h">
      <Filter>Header Files</Filter>
    </ClInclude>
    <ClInclude Include="seal\c\ciphertext.h">
      <Filter>Header Files</Filter>
    </ClInclude>
    <ClInclude Include="seal\c\ckksencoder.h">
      <Filter>Header Files</Filter>
    </ClInclude>
    <ClInclude Include="seal\c\contextdata.h">
      <Filter>Header Files</Filter>
    </ClInclude>
    <ClInclude Include="seal\c\decryptor.h">
      <Filter>Header Files</Filter>
    </ClInclude>
    <ClInclude Include="seal\c\encryptionparameterqualifiers.h">
      <Filter>Header Files</Filter>
    </ClInclude>
    <ClInclude Include="seal\c\encryptionparameters.h">
      <Filter>Header Files</Filter>
    </ClInclude>
    <ClInclude Include="seal\c\encryptor.h">
      <Filter>Header Files</Filter>
    </ClInclude>
    <ClInclude Include="seal\c\evaluator.h">
      <Filter>Header Files</Filter>
    </ClInclude>
    <ClInclude Include="seal\c\galoiskeys.h">
      <Filter>Header Files</Filter>
    </ClInclude>
    <ClInclude Include="seal\c\intencoder.h">
      <Filter>Header Files</Filter>
    </ClInclude>
    <ClInclude Include="seal\c\keygenerator.h">
      <Filter>Header Files</Filter>
    </ClInclude>
    <ClInclude Include="seal\c\kswitchkeys.h">
      <Filter>Header Files</Filter>
    </ClInclude>
    <ClInclude Include="seal\c\memorymanager.h">
      <Filter>Header Files</Filter>
    </ClInclude>
    <ClInclude Include="seal\c\memorypoolhandle.h">
      <Filter>Header Files</Filter>
    </ClInclude>
    <ClInclude Include="seal\c\modulus.h">
      <Filter>Header Files</Filter>
    </ClInclude>
    <ClInclude Include="seal\c\plaintext.h">
      <Filter>Header Files</Filter>
    </ClInclude>
    <ClInclude Include="seal\c\publickey.h">
      <Filter>Header Files</Filter>
    </ClInclude>
    <ClInclude Include="seal\c\relinkeys.h">
      <Filter>Header Files</Filter>
    </ClInclude>
    <ClInclude Include="seal\c\sealcontext.h">
      <Filter>Header Files</Filter>
    </ClInclude>
    <ClInclude Include="seal\c\secretkey.h">
      <Filter>Header Files</Filter>
    </ClInclude>
    <ClInclude Include="seal\c\serialization.h">
      <Filter>Header Files</Filter>
    </ClInclude>
    <ClInclude Include="seal\c\valcheck.h">
      <Filter>Header Files</Filter>
    </ClInclude>
    <ClInclude Include="seal\c\version.h">
      <Filter>Header Files</Filter>
    </ClInclude>
  </ItemGroup>
  <ItemGroup>
    <ClCompile Include="seal\c\dllmain.cpp">
      <Filter>Source Files</Filter>
    </ClCompile>
    <ClCompile Include="seal\c\utilities.cpp">
      <Filter>Source Files</Filter>
    </ClCompile>
    <ClCompile Include="seal\c\stdafx.cpp">
      <Filter>Source Files</Filter>
    </ClCompile>
    <ClCompile Include="seal\c\batchencoder.cpp">
      <Filter>Source Files</Filter>
    </ClCompile>
    <ClCompile Include="seal\c\biguint.cpp">
      <Filter>Source Files</Filter>
    </ClCompile>
    <ClCompile Include="seal\c\ciphertext.cpp">
      <Filter>Source Files</Filter>
    </ClCompile>
    <ClCompile Include="seal\c\ckksencoder.cpp">
      <Filter>Source Files</Filter>
    </ClCompile>
    <ClCompile Include="seal\c\contextdata.cpp">
      <Filter>Source Files</Filter>
    </ClCompile>
    <ClCompile Include="seal\c\decryptor.cpp">
      <Filter>Source Files</Filter>
    </ClCompile>
    <ClCompile Include="seal\c\encryptionparameterqualifiers.cpp">
      <Filter>Source Files</Filter>
    </ClCompile>
    <ClCompile Include="seal\c\encryptionparameters.cpp">
      <Filter>Source Files</Filter>
    </ClCompile>
    <ClCompile Include="seal\c\encryptor.cpp">
      <Filter>Source Files</Filter>
    </ClCompile>
    <ClCompile Include="seal\c\evaluator.cpp">
      <Filter>Source Files</Filter>
    </ClCompile>
    <ClCompile Include="seal\c\galoiskeys.cpp">
      <Filter>Source Files</Filter>
    </ClCompile>
    <ClCompile Include="seal\c\intencoder.cpp">
      <Filter>Source Files</Filter>
    </ClCompile>
    <ClCompile Include="seal\c\keygenerator.cpp">
      <Filter>Source Files</Filter>
    </ClCompile>
    <ClCompile Include="seal\c\kswitchkeys.cpp">
      <Filter>Source Files</Filter>
    </ClCompile>
    <ClCompile Include="seal\c\memorymanager.cpp">
      <Filter>Source Files</Filter>
    </ClCompile>
    <ClCompile Include="seal\c\memorypoolhandle.cpp">
      <Filter>Source Files</Filter>
    </ClCompile>
    <ClCompile Include="seal\c\modulus.cpp">
      <Filter>Source Files</Filter>
    </ClCompile>
    <ClCompile Include="seal\c\plaintext.cpp">
      <Filter>Source Files</Filter>
    </ClCompile>
    <ClCompile Include="seal\c\publickey.cpp">
      <Filter>Source Files</Filter>
    </ClCompile>
    <ClCompile Include="seal\c\relinkeys.cpp">
      <Filter>Source Files</Filter>
    </ClCompile>
    <ClCompile Include="seal\c\sealcontext.cpp">
      <Filter>Source Files</Filter>
    </ClCompile>
    <ClCompile Include="seal\c\secretkey.cpp">
      <Filter>Source Files</Filter>
    </ClCompile>
    <ClCompile Include="seal\c\serialization.cpp">
      <Filter>Source Files</Filter>
    </ClCompile>
    <ClCompile Include="seal\c\valcheck.cpp">
      <Filter>Source Files</Filter>
    </ClCompile>
    <ClCompile Include="seal\c\version.cpp">
      <Filter>Source Files</Filter>
    </ClCompile>
  </ItemGroup>
  <ItemGroup>
    <Text Include="seal\c\CMakeLists.txt">
      <Filter>Other</Filter>
    </Text>
  </ItemGroup>
</Project>